
Microsoft Visual Studio Solution File, Format Version 12.00
# Visual Studio Version 16
VisualStudioVersion = 16.0.30503.244
MinimumVisualStudioVersion = 10.0.40219.1
Project("{FAE04EC0-301F-11D3-BF4B-00C04F79EFBC}") = "AddressBook1", "AddressBook1\AddressBook1.csproj", "{FB955B88-5640-44FF-80C6-8292A265790F}"
EndProject
Global
	GlobalSection(SolutionConfigurationPlatforms) = preSolution
		Debug|Any CPU = Debug|Any CPU
		Release|Any CPU = Release|Any CPU
	EndGlobalSection
	GlobalSection(ProjectConfigurationPlatforms) = postSolution
		{FB955B88-5640-44FF-80C6-8292A265790F}.Debug|Any CPU.ActiveCfg = Debug|Any CPU
		{FB955B88-5640-44FF-80C6-8292A265790F}.Debug|Any CPU.Build.0 = Debug|Any CPU
		{FB955B88-5640-44FF-80C6-8292A265790F}.Release|Any CPU.ActiveCfg = Release|Any CPU
		{FB955B88-5640-44FF-80C6-8292A265790F}.Release|Any CPU.Build.0 = Release|Any CPU
	EndGlobalSection
	GlobalSection(SolutionProperties) = preSolution
		HideSolutionNode = FALSE
	EndGlobalSection
	GlobalSection(ExtensibilityGlobals) = postSolution
		SolutionGuid = {81AA0612-B5EB-4E46-B1E4-3E8FD46DDC80}
	EndGlobalSection
EndGlobal
